{
  "version": 4,
  "terraform_version": "1.15.4",
  "serial": 20,
  "lineage": "21450353-45fc-ff97-cc79-ff48249539ea",
  "outputs": {
    "grafana_admin_password": {
      "value": "admin",
      "type": "string",
      "sensitive": true
    },
    "grafana_admin_user": {
      "value": "admin",
      "type": "string"
    },
    "grafana_port_forward_command": {
      "value": "kubectl port-forward -n monitoring svc/kube-prometheus-stack-grafana 3001:80",
      "type": "string"
    },
    "namespace": {
      "value": "monitoring",
      "type": "string"
    },
    "prometheus_port_forward_command": {
      "value": "kubectl port-forward -n monitoring svc/kube-prometheus-stack-prometheus 9090:9090",
      "type": "string"
    }
  },
  "resources": [
    {
      "mode": "managed",
      "type": "helm_release",
      "name": "alloy",
      "provider": "provider[\"registry.terraform.io/hashicorp/helm\"]",
      "instances": [
        {
          "schema_version": 1,
          "attributes": {
            "atomic": false,
            "chart": "alloy",
            "cleanup_on_fail": false,
            "create_namespace": false,
            "dependency_update": false,
            "description": null,
            "devel": null,
            "disable_crd_hooks": false,
            "disable_openapi_validation": false,
            "disable_webhooks": false,
            "force_update": false,
            "id": "alloy",
            "keyring": null,
            "lint": false,
            "manifest": null,
            "max_history": 0,
            "metadata": [
              {
                "app_version": "v1.7.0",
                "chart": "alloy",
                "first_deployed": 1789649100,
                "last_deployed": 1789649100,
                "name": "alloy",
                "namespace": "loki",
                "notes": "Welcome to Grafana Alloy!\n",
                "revision": 1,
                "values": "{\"alloy\":{\"configMap\":{\"content\":\"// Discover pods on this node and read their container logs\\ndiscovery.kubernetes \\\"pods\\\" {\\n  role = \\\"pod\\\"\\n}\\n\\ndiscovery.relabel \\\"pods\\\" {\\n  targets = discovery.kubernetes.pods.targets\\n\\n  rule {\\n    source_labels = [\\\"__meta_kubernetes_namespace\\\"]\\n    target_label  = \\\"namespace\\\"\\n  }\\n  rule {\\n    source_labels = [\\\"__meta_kubernetes_pod_name\\\"]\\n    target_label  = \\\"pod\\\"\\n  }\\n  rule {\\n    source_labels = [\\\"__meta_kubernetes_pod_container_name\\\"]\\n    target_label  = \\\"container\\\"\\n  }\\n}\\n\\nloki.source.kubernetes \\\"pods\\\" {\\n  targets    = discovery.relabel.pods.output\\n  forward_to = [loki.write.default.receiver]\\n}\\n\\nloki.write \\\"default\\\" {\\n  endpoint {\\n    url = \\\"http://loki-gateway.loki.svc.cluster.local/loki/api/v1/push\\\"\\n  }\\n}\\n\"}}}",
                "version": "0.12.0"
              }
            ],
            "name": "alloy",
            "namespace": "loki",
            "pass_credentials": false,
            "postrender": [],
            "recreate_pods": false,
            "render_subchart_notes": true,
            "replace": false,
            "repository": "https://grafana.github.io/helm-charts",
            "repository_ca_file": null,
            "repository_cert_file": null,
            "repository_key_file": null,
            "repository_password": null,
            "repository_username": null,
            "reset_values": false,
            "reuse_values": false,
            "set": [],
            "set_list": [],
            "set_sensitive": [],
            "skip_crds": false,
            "status": "deployed",
            "timeout": 300,
            "upgrade_install": null,
            "values": [
              "\"alloy\":\n  \"configMap\":\n    \"content\": |\n      // Discover pods on this node and read their container logs\n      discovery.kubernetes \"pods\" {\n        role = \"pod\"\n      }\n\n      discovery.relabel \"pods\" {\n        targets = discovery.kubernetes.pods.targets\n\n        rule {\n          source_labels = [\"__meta_kubernetes_namespace\"]\n          target_label  = \"namespace\"\n        }\n        rule {\n          source_labels = [\"__meta_kubernetes_pod_name\"]\n          target_label  = \"pod\"\n        }\n        rule {\n          source_labels = [\"__meta_kubernetes_pod_container_name\"]\n          target_label  = \"container\"\n        }\n      }\n\n      loki.source.kubernetes \"pods\" {\n        targets    = discovery.relabel.pods.output\n        forward_to = [loki.write.default.receiver]\n      }\n\n      loki.write \"default\" {\n        endpoint {\n          url = \"http://loki-gateway.loki.svc.cluster.local/loki/api/v1/push\"\n        }\n      }\n"
            ],
            "verify": false,
            "version": "0.12.0",
            "wait": true,
            "wait_for_jobs": false
          },
          "sensitive_attributes": [
            [
              {
                "type": "get_attr",
                "value": "repository_password"
              }
            ]
          ],
          "identity_schema_version": 0,
          "private": "eyJzY2hlbWFfdmVyc2lvbiI6IjEifQ==",
          "dependencies": [
            "helm_release.loki",
            "kubernetes_namespace.loki"
          ]
        }
      ]
    },
    {
      "mode": "managed",
      "type": "helm_release",
      "name": "kube_prometheus_stack",
      "provider": "provider[\"registry.terraform.io/hashicorp/helm\"]",
      "instances": [
        {
          "schema_version": 1,
          "attributes": {
            "atomic": false,
            "chart": "kube-prometheus-stack",
            "cleanup_on_fail": false,
            "create_namespace": false,
            "dependency_update": false,
            "description": null,
            "devel": null,
            "disable_crd_hooks": false,
            "disable_openapi_validation": false,
            "disable_webhooks": false,
            "force_update": false,
            "id": "kube-prometheus-stack",
            "keyring": null,
            "lint": false,
            "manifest": null,
            "max_history": 0,
            "metadata": [
              {
                "app_version": "v0.76.1",
                "chart": "kube-prometheus-stack",
                "first_deployed": 1789038250,
                "last_deployed": 1789717875,
                "name": "kube-prometheus-stack",
                "namespace": "monitoring",
                "notes": "1. Get the application URL by running these commands:\n  export POD_NAME=$(kubectl get pods --namespace monitoring -l \"app.kubernetes.io/name=prometheus-node-exporter,app.kubernetes.io/instance=kube-prometheus-stack\" -o jsonpath=\"{.items[0].metadata.name}\")\n  echo \"Visit http://127.0.0.1:9100 to use your application\"\n  kubectl port-forward --namespace monitoring $POD_NAME 9100\nkube-prometheus-stack has been installed. Check its status by running:\n  kubectl --namespace monitoring get pods -l \"release=kube-prometheus-stack\"\n\nVisit https://github.com/prometheus-operator/kube-prometheus for instructions on how to create \u0026 configure Alertmanager and Prometheus instances using the Operator.\n\n1. Get your 'admin' user password by running:\n\n   kubectl get secret --namespace monitoring kube-prometheus-stack-grafana -o jsonpath=\"{.data.admin-password}\" | base64 --decode ; echo\n\n\n2. The Grafana server can be accessed via port 80 on the following DNS name from within your cluster:\n\n   kube-prometheus-stack-grafana.monitoring.svc.cluster.local\n\n   Get the Grafana URL to visit by running these commands in the same shell:\n     export POD_NAME=$(kubectl get pods --namespace monitoring -l \"app.kubernetes.io/name=grafana,app.kubernetes.io/instance=kube-prometheus-stack\" -o jsonpath=\"{.items[0].metadata.name}\")\n     kubectl --namespace monitoring port-forward $POD_NAME 3000\n\n3. Login with the password from step 1 and the username: admin\n#################################################################################\n######   WARNING: Persistence is disabled!!! You will lose your data when   #####\n######            the Grafana pod is terminated.                            #####\n#################################################################################\n\nkube-state-metrics is a simple service that listens to the Kubernetes API server and generates metrics about the state of the objects.\nThe exposed metrics can be found here:\nhttps://github.com/kubernetes/kube-state-metrics/blob/master/docs/README.md#exposed-metrics\n\nThe metrics are exported on the HTTP endpoint /metrics on the listening port.\nIn your case, kube-prometheus-stack-kube-state-metrics.monitoring.svc.cluster.local:8080/metrics\n\nThey are served either as plaintext or protobuf depending on the Accept header.\nThey are designed to be consumed either by Prometheus itself or by a scraper that is compatible with scraping a Prometheus client endpoint.\n",
                "revision": 3,
                "values": "{\"alertmanager\":{\"alertmanagerSpec\":{\"storage\":{}},\"config\":{\"global\":{\"resolve_timeout\":\"5m\"},\"inhibit_rules\":[{\"equal\":[\"node\"],\"source_match\":{\"alertname\":\"NodeDown\"},\"target_match_re\":{\"alertname\":\".*\"}}],\"receivers\":[{\"name\":\"ntfy-default\",\"webhook_configs\":[{\"send_resolved\":true,\"url\":\"https://ntfy.sh/homelab-alerts-9f3k2x\"}]}],\"route\":{\"group_by\":[\"alertname\",\"namespace\"],\"group_interval\":\"5m\",\"group_wait\":\"30s\",\"receiver\":\"ntfy-default\",\"repeat_interval\":\"4h\",\"routes\":[{\"match\":{\"severity\":\"critical\"},\"receiver\":\"ntfy-default\",\"repeat_interval\":\"1h\"}]}},\"enabled\":true},\"grafana\":{\"adminPassword\":\"admin\",\"persistence\":{\"enabled\":false},\"service\":{\"type\":\"ClusterIP\"}},\"prometheus\":{\"prometheusSpec\":{\"retention\":\"3d\"}}}",
                "version": "62.7.0"
              }
            ],
            "name": "kube-prometheus-stack",
            "namespace": "monitoring",
            "pass_credentials": false,
            "postrender": [],
            "recreate_pods": false,
            "render_subchart_notes": true,
            "replace": false,
            "repository": "https://prometheus-community.github.io/helm-charts",
            "repository_ca_file": null,
            "repository_cert_file": null,
            "repository_key_file": null,
            "repository_password": null,
            "repository_username": null,
            "reset_values": false,
            "reuse_values": false,
            "set": [],
            "set_list": [],
            "set_sensitive": [],
            "skip_crds": false,
            "status": "deployed",
            "timeout": 600,
            "upgrade_install": null,
            "values": [
              "grafana:\n  adminPassword: \"admin\"\n  service:\n    type: \"ClusterIP\"\n  persistence:\n    enabled: false\n\nprometheus:\n  prometheusSpec:\n    retention: 3d\n    # No persistence configured - fine for a local/dev cluster.\n    # Data is lost if the Prometheus pod restarts.\n\nalertmanager:\n  enabled: true\n  alertmanagerSpec:\n    storage: {}\n",
              "\"alertmanager\":\n  \"alertmanagerSpec\": {}\n  \"config\":\n    \"global\":\n      \"resolve_timeout\": \"5m\"\n    \"inhibit_rules\":\n    - \"equal\":\n      - \"node\"\n      \"source_match\":\n        \"alertname\": \"NodeDown\"\n      \"target_match_re\":\n        \"alertname\": \".*\"\n    \"receivers\":\n    - \"name\": \"ntfy-default\"\n      \"webhook_configs\":\n      - \"send_resolved\": true\n        \"url\": \"https://ntfy.sh/homelab-alerts-9f3k2x\"\n    \"route\":\n      \"group_by\":\n      - \"alertname\"\n      - \"namespace\"\n      \"group_interval\": \"5m\"\n      \"group_wait\": \"30s\"\n      \"receiver\": \"ntfy-default\"\n      \"repeat_interval\": \"4h\"\n      \"routes\":\n      - \"match\":\n          \"severity\": \"critical\"\n        \"receiver\": \"ntfy-default\"\n        \"repeat_interval\": \"1h\"\n"
            ],
            "verify": false,
            "version": "62.7.0",
            "wait": true,
            "wait_for_jobs": true
          },
          "sensitive_attributes": [
            [
              {
                "type": "get_attr",
                "value": "repository_password"
              }
            ],
            [
              {
                "type": "get_attr",
                "value": "values"
              },
              {
                "type": "index",
                "value": {
                  "value": 0,
                  "type": "number"
                }
              }
            ],
            [
              {
                "type": "get_attr",
                "value": "values"
              },
              {
                "type": "index",
                "value": {
                  "value": 1,
                  "type": "number"
                }
              }
            ]
          ],
          "identity_schema_version": 0,
          "private": "eyJzY2hlbWFfdmVyc2lvbiI6IjEifQ==",
          "dependencies": [
            "kubernetes_namespace.monitoring"
          ]
        }
      ]
    },
    {
      "mode": "managed",
      "type": "helm_release",
      "name": "loki",
      "provider": "provider[\"registry.terraform.io/hashicorp/helm\"]",
      "instances": [
        {
          "schema_version": 1,
          "attributes": {
            "atomic": false,
            "chart": "loki",
            "cleanup_on_fail": false,
            "create_namespace": false,
            "dependency_update": false,
            "description": null,
            "devel": null,
            "disable_crd_hooks": false,
            "disable_openapi_validation": false,
            "disable_webhooks": false,
            "force_update": false,
            "id": "loki",
            "keyring": null,
            "lint": false,
            "manifest": null,
            "max_history": 0,
            "metadata": [
              {
                "app_version": "3.1.0",
                "chart": "loki",
                "first_deployed": 1789649000,
                "last_deployed": 1789649000,
                "name": "loki",
                "namespace": "loki",
                "notes": "***********************************************************************\n Welcome to Grafana Loki\n Chart version: 6.9.0\n Chart Name: loki\n Loki version: 3.1.0\n***********************************************************************\n\n** Please be patient while the chart is being deployed **\n\nTip:\n\n  Watch the deployment status using the command: kubectl get pods -w --namespace loki\n\nIf pods are taking too long to schedule make sure pod affinity can be fulfilled in the current cluster.\n\n***********************************************************************\nInstalled components:\n***********************************************************************\n* loki\n\nLoki has been deployed as a single binary.\nThis means a single pod is handling reads and writes. You can scale that pod vertically by adding more CPU and memory resources.\n\n\n***********************************************************************\nSending logs to Loki\n***********************************************************************\n\nLoki has been configured with a gateway (nginx) to support reads and writes from a single component.\n\nYou can send logs from inside the cluster using the cluster DNS:\n\nhttp://loki-gateway.loki.svc.cluster.local/loki/api/v1/push\n\nYou can test to send data from outside the cluster by port-forwarding the gateway to your local machine:\n\n  kubectl port-forward --namespace loki svc/loki-gateway 3100:80 \u0026\n\nAnd then using http://127.0.0.1:3100/loki/api/v1/push URL as shown below:\n\n```\ncurl -H \"Content-Type: application/json\" -XPOST -s \"http://127.0.0.1:3100/loki/api/v1/push\"  \\\n--data-raw \"{\\\"streams\\\": [{\\\"stream\\\": {\\\"job\\\": \\\"test\\\"}, \\\"values\\\": [[\\\"$(date +%s)000000000\\\", \\\"fizzbuzz\\\"]]}]}\"\n```\n\nThen verify that Loki did received the data using the following command:\n\n```\ncurl \"http://127.0.0.1:3100/loki/api/v1/query_range\" --data-urlencode 'query={job=\"test\"}' | jq .data.result\n```\n\n***********************************************************************\nConnecting Grafana to Loki\n***********************************************************************\n\nIf Grafana operates within the cluster, you'll set up a new Loki datasource by utilizing the following URL:\n\nhttp://loki-gateway.loki.svc.cluster.local/\n",
                "revision": 1,
                "values": "{\"backend\":{\"replicas\":0},\"compactor\":{\"retention_enabled\":true},\"deploymentMode\":\"SingleBinary\",\"gateway\":{\"enabled\":true},\"ingester\":{\"replicas\":0},\"limits_config\":{\"retention_period\":\"168h\"},\"loki\":{\"auth_enabled\":false,\"commonConfig\":{\"replication_factor\":1},\"schemaConfig\":{\"configs\":[{\"from\":\"2024-01-01\",\"index\":{\"period\":\"24h\",\"prefix\":\"index_\"},\"object_store\":\"filesystem\",\"schema\":\"v13\",\"store\":\"tsdb\"}]},\"storage\":{\"type\":\"filesystem\"}},\"querier\":{\"replicas\":0},\"read\":{\"replicas\":0},\"singleBinary\":{\"persistence\":{\"enabled\":true,\"size\":\"20Gi\",\"storageClass\":null},\"replicas\":1,\"resources\":{\"limits\":{\"cpu\":\"1\",\"memory\":\"1Gi\"},\"requests\":{\"cpu\":\"200m\",\"memory\":\"256Mi\"}}},\"write\":{\"replicas\":0}}",
                "version": "6.9.0"
              }
            ],
            "name": "loki",
            "namespace": "loki",
            "pass_credentials": false,
            "postrender": [],
            "recreate_pods": false,
            "render_subchart_notes": true,
            "replace": false,
            "repository": "https://grafana.github.io/helm-charts",
            "repository_ca_file": null,
            "repository_cert_file": null,
            "repository_key_file": null,
            "repository_password": null,
            "repository_username": null,
            "reset_values": false,
            "reuse_values": false,
            "set": [],
            "set_list": [],
            "set_sensitive": [],
            "skip_crds": false,
            "status": "deployed",
            "timeout": 300,
            "upgrade_install": null,
            "values": [
              "\"backend\":\n  \"replicas\": 0\n\"compactor\":\n  \"retention_enabled\": true\n\"deploymentMode\": \"SingleBinary\"\n\"gateway\":\n  \"enabled\": true\n\"ingester\":\n  \"replicas\": 0\n\"limits_config\":\n  \"retention_period\": \"168h\"\n\"loki\":\n  \"auth_enabled\": false\n  \"commonConfig\":\n    \"replication_factor\": 1\n  \"schemaConfig\":\n    \"configs\":\n    - \"from\": \"2024-01-01\"\n      \"index\":\n        \"period\": \"24h\"\n        \"prefix\": \"index_\"\n      \"object_store\": \"filesystem\"\n      \"schema\": \"v13\"\n      \"store\": \"tsdb\"\n  \"storage\":\n    \"type\": \"filesystem\"\n\"querier\":\n  \"replicas\": 0\n\"read\":\n  \"replicas\": 0\n\"singleBinary\":\n  \"persistence\":\n    \"enabled\": true\n    \"size\": \"20Gi\"\n    \"storageClass\": null\n  \"replicas\": 1\n  \"resources\":\n    \"limits\":\n      \"cpu\": \"1\"\n      \"memory\": \"1Gi\"\n    \"requests\":\n      \"cpu\": \"200m\"\n      \"memory\": \"256Mi\"\n\"write\":\n  \"replicas\": 0\n"
            ],
            "verify": false,
            "version": "6.9.0",
            "wait": true,
            "wait_for_jobs": false
          },
          "sensitive_attributes": [
            [
              {
                "type": "get_attr",
                "value": "repository_password"
              }
            ]
          ],
          "identity_schema_version": 0,
          "private": "eyJzY2hlbWFfdmVyc2lvbiI6IjEifQ==",
          "dependencies": [
            "kubernetes_namespace.loki"
          ]
        }
      ]
    },
    {
      "mode": "managed",
      "type": "kubernetes_config_map",
      "name": "loki_datasource",
      "provider": "provider[\"registry.terraform.io/hashicorp/kubernetes\"]",
      "instances": [
        {
          "schema_version": 0,
          "attributes": {
            "binary_data": {},
            "data": {
              "loki-datasource.yaml": "\"apiVersion\": 1\n\"datasources\":\n- \"access\": \"proxy\"\n  \"isDefault\": false\n  \"name\": \"Loki\"\n  \"type\": \"loki\"\n  \"url\": \"http://loki-gateway.loki.svc.cluster.local\"\n"
            },
            "id": "monitoring/loki-datasource",
            "immutable": false,
            "metadata": [
              {
                "annotations": {},
                "generate_name": "",
                "generation": 0,
                "labels": {
                  "grafana_datasource": "1"
                },
                "name": "loki-datasource",
                "namespace": "monitoring",
                "resource_version": "84614",
                "uid": "efbc9d73-698f-4dd8-af48-cb0b955e592a"
              }
            ]
          },
          "sensitive_attributes": [],
          "identity_schema_version": 1,
          "identity": {
            "api_version": "v1",
            "kind": "ConfigMap",
            "name": "loki-datasource",
            "namespace": "monitoring"
          },
          "private": "bnVsbA=="
        }
      ]
    },
    {
      "mode": "managed",
      "type": "kubernetes_manifest",
      "name": "starter_alert_rules",
      "provider": "provider[\"registry.terraform.io/hashicorp/kubernetes\"]",
      "instances": [
        {
          "schema_version": 1,
          "attributes": {
            "computed_fields": null,
            "field_manager": [],
            "manifest": {
              "value": {
                "apiVersion": "monitoring.coreos.com/v1",
                "kind": "PrometheusRule",
                "metadata": {
                  "labels": {
                    "release": "kube-prometheus-stack"
                  },
                  "name": "homelab-starter-alerts",
                  "namespace": "monitoring"
                },
                "spec": {
                  "groups": [
                    {
                      "name": "homelab.rules",
                      "rules": [
                        {
                          "alert": "NodeDown",
                          "annotations": {
                            "description": "{{ $labels.instance }} has been unreachable for 5+ minutes.",
                            "summary": "Node {{ $labels.instance }} is down"
                          },
                          "expr": "up{job=\"node-exporter\"} == 0",
                          "for": "5m",
                          "labels": {
                            "severity": "critical"
                          }
                        },
                        {
                          "alert": "PodCrashLooping",
                          "annotations": {
                            "description": "Container {{ $labels.container }} has restarted more than 3 times in 15 minutes.",
                            "summary": "Pod {{ $labels.namespace }}/{{ $labels.pod }} is crash-looping"
                          },
                          "expr": "increase(kube_pod_container_status_restarts_total[15m]) \u003e 3",
                          "for": "5m",
                          "labels": {
                            "severity": "warning"
                          }
                        },
                        {
                          "alert": "HighDiskUsage",
                          "annotations": {
                            "description": "Filesystem {{ $labels.mountpoint }} on {{ $labels.instance }} is over 85% full.",
                            "summary": "Disk usage above 85% on {{ $labels.instance }}"
                          },
                          "expr": "100 - ((node_filesystem_avail_bytes{fstype!=\"tmpfs\"} * 100) / node_filesystem_size_bytes{fstype!=\"tmpfs\"}) \u003e 85",
                          "for": "10m",
                          "labels": {
                            "severity": "warning"
                          }
                        }
                      ]
                    }
                  ]
                }
              },
              "type": [
                "object",
                {
                  "apiVersion": "string",
                  "kind": "string",
                  "metadata": [
                    "object",
                    {
                      "labels": [
                        "object",
                        {
                          "release": "string"
                        }
                      ],
                      "name": "string",
                      "namespace": "string"
                    }
                  ],
                  "spec": [
                    "object",
                    {
                      "groups": [
                        "tuple",
                        [
                          [
                            "object",
                            {
                              "name": "string",
                              "rules": [
                                "tuple",
                                [
                                  [
                                    "object",
                                    {
                                      "alert": "string",
                                      "annotations": [
                                        "object",
                                        {
                                          "description": "string",
                                          "summary": "string"
                                        }
                                      ],
                                      "expr": "string",
                                      "for": "string",
                                      "labels": [
                                        "object",
                                        {
                                          "severity": "string"
                                        }
                                      ]
                                    }
                                  ],
                                  [
                                    "object",
                                    {
                                      "alert": "string",
                                      "annotations": [
                                        "object",
                                        {
                                          "description": "string",
                                          "summary": "string"
                                        }
                                      ],
                                      "expr": "string",
                                      "for": "string",
                                      "labels": [
                                        "object",
                                        {
                                          "severity": "string"
                                        }
                                      ]
                                    }
                                  ],
                                  [
                                    "object",
                                    {
                                      "alert": "string",
                                      "annotations": [
                                        "object",
                                        {
                                          "description": "string",
                                          "summary": "string"
                                        }
                                      ],
                                      "expr": "string",
                                      "for": "string",
                                      "labels": [
                                        "object",
                                        {
                                          "severity": "string"
                                        }
                                      ]
                                    }
                                  ]
                                ]
                              ]
                            }
                          ]
                        ]
                      ]
                    }
                  ]
                }
              ]
            },
            "object": {
              "value": {
                "apiVersion": "monitoring.coreos.com/v1",
                "kind": "PrometheusRule",
                "metadata": {
                  "annotations": {
                    "prometheus-operator-validated": "true"
                  },
                  "creationTimestamp": null,
                  "deletionGracePeriodSeconds": null,
                  "deletionTimestamp": null,
                  "finalizers": null,
                  "generateName": null,
                  "generation": null,
                  "labels": {
                    "release": "kube-prometheus-stack"
                  },
                  "managedFields": null,
                  "name": "homelab-starter-alerts",
                  "namespace": "monitoring",
                  "ownerReferences": null,
                  "resourceVersion": null,
                  "selfLink": null,
                  "uid": null
                },
                "spec": {
                  "groups": [
                    {
                      "interval": null,
                      "limit": null,
                      "name": "homelab.rules",
                      "partial_response_strategy": null,
                      "rules": [
                        {
                          "alert": "NodeDown",
                          "annotations": {
                            "description": "{{ $labels.instance }} has been unreachable for 5+ minutes.",
                            "summary": "Node {{ $labels.instance }} is down"
                          },
                          "expr": "up{job=\"node-exporter\"} == 0",
                          "for": "5m",
                          "keep_firing_for": null,
                          "labels": {
                            "severity": "critical"
                          },
                          "record": null
                        },
                        {
                          "alert": "PodCrashLooping",
                          "annotations": {
                            "description": "Container {{ $labels.container }} has restarted more than 3 times in 15 minutes.",
                            "summary": "Pod {{ $labels.namespace }}/{{ $labels.pod }} is crash-looping"
                          },
                          "expr": "increase(kube_pod_container_status_restarts_total[15m]) \u003e 3",
                          "for": "5m",
                          "keep_firing_for": null,
                          "labels": {
                            "severity": "warning"
                          },
                          "record": null
                        },
                        {
                          "alert": "HighDiskUsage",
                          "annotations": {
                            "description": "Filesystem {{ $labels.mountpoint }} on {{ $labels.instance }} is over 85% full.",
                            "summary": "Disk usage above 85% on {{ $labels.instance }}"
                          },
                          "expr": "100 - ((node_filesystem_avail_bytes{fstype!=\"tmpfs\"} * 100) / node_filesystem_size_bytes{fstype!=\"tmpfs\"}) \u003e 85",
                          "for": "10m",
                          "keep_firing_for": null,
                          "labels": {
                            "severity": "warning"
                          },
                          "record": null
                        }
                      ]
                    }
                  ]
                }
              },
              "type": [
                "object",
                {
                  "apiVersion": "string",
                  "kind": "string",
                  "metadata": [
                    "object",
                    {
                      "annotations": [
                        "map",
                        "string"
                      ],
                      "creationTimestamp": "string",
                      "deletionGracePeriodSeconds": "number",
                      "deletionTimestamp": "string",
                      "finalizers": [
                        "list",
                        "string"
                      ],
                      "generateName": "string",
                      "generation": "number",
                      "labels": [
                        "map",
                        "string"
                      ],
                      "managedFields": [
                        "tuple",
                        [
                          [
                            "object",
                            {
                              "apiVersion": "string",
                              "fieldsType": "string",
                              "fieldsV1": "dynamic",
                              "manager": "string",
                              "operation": "string",
                              "subresource": "string",
                              "time": "string"
                            }
                          ]
                        ]
                      ],
                      "name": "string",
                      "namespace": "string",
                      "ownerReferences": [
                        "list",
                        [
                          "object",
                          {
                            "apiVersion": "string",
                            "blockOwnerDeletion": "bool",
                            "controller": "bool",
                            "kind": "string",
                            "name": "string",
                            "uid": "string"
                          }
                        ]
                      ],
                      "resourceVersion": "string",
                      "selfLink": "string",
                      "uid": "string"
                    }
                  ],
                  "spec": [
                    "object",
                    {
                      "groups": [
                        "list",
                        [
                          "object",
                          {
                            "interval": "string",
                            "limit": "number",
                            "name": "string",
                            "partial_response_strategy": "string",
                            "rules": [
                              "list",
                              [
                                "object",
                                {
                                  "alert": "string",
                                  "annotations": [
                                    "map",
                                    "string"
                                  ],
                                  "expr": "string",
                                  "for": "string",
                                  "keep_firing_for": "string",
                                  "labels": [
                                    "map",
                                    "string"
                                  ],
                                  "record": "string"
                                }
                              ]
                            ]
                          }
                        ]
                      ]
                    }
                  ]
                }
              ]
            },
            "timeouts": [],
            "wait": [],
            "wait_for": null
          },
          "sensitive_attributes": [],
          "identity_schema_version": 1,
          "identity": {
            "api_version": "monitoring.coreos.com/v1",
            "kind": "PrometheusRule",
            "name": "homelab-starter-alerts",
            "namespace": "monitoring"
          }
        }
      ]
    },
    {
      "mode": "managed",
      "type": "kubernetes_namespace",
      "name": "loki",
      "provider": "provider[\"registry.terraform.io/hashicorp/kubernetes\"]",
      "instances": [
        {
          "schema_version": 0,
          "attributes": {
            "id": "loki",
            "metadata": [
              {
                "annotations": {},
                "generate_name": "",
                "generation": 0,
                "labels": {},
                "name": "loki",
                "resource_version": "84615",
                "uid": "df1291ed-4076-4781-887b-93ba090c911b"
              }
            ],
            "timeouts": null,
            "wait_for_default_service_account": false
          },
          "sensitive_attributes": [],
          "identity_schema_version": 1,
          "identity": {
            "api_version": "v1",
            "kind": "Namespace",
            "name": "loki"
          },
          "private": "eyJlMmJmYjczMC1lY2FhLTExZTYtOGY4OC0zNDM2M2JjN2M0YzAiOnsiZGVsZXRlIjozMDAwMDAwMDAwMDB9fQ=="
        }
      ]
    },
    {
      "mode": "managed",
      "type": "kubernetes_namespace",
      "name": "monitoring",
      "provider": "provider[\"registry.terraform.io/hashicorp/kubernetes\"]",
      "instances": [
        {
          "schema_version": 0,
          "attributes": {
            "id": "monitoring",
            "metadata": [
              {
                "annotations": {},
                "generate_name": "",
                "generation": 0,
                "labels": {},
                "name": "monitoring",
                "resource_version": "51567",
                "uid": "b1e2b66a-d2e7-4747-b4f3-8c3972420f8a"
              }
            ],
            "timeouts": null,
            "wait_for_default_service_account": false
          },
          "sensitive_attributes": [],
          "identity_schema_version": 1,
          "identity": {
            "api_version": "v1",
            "kind": "Namespace",
            "name": "monitoring"
          },
          "private": "eyJlMmJmYjczMC1lY2FhLTExZTYtOGY4OC0zNDM2M2JjN2M0YzAiOnsiZGVsZXRlIjozMDAwMDAwMDAwMDB9fQ=="
        }
      ]
    }
  ],
  "check_results": null
}
